
Microsoft Visual Studio Solution File, Format Version 12.00
# Visual Studio 2013
VisualStudioVersion = 12.0.30110.0
MinimumVisualStudioVersion = 10.0.40219.1
Project("{FAE04EC0-301F-11D3-BF4B-00C04F79EFBC}") = "Video.Core", "Video.Core\Video.Core.csproj", "{70940C98-8498-4495-A83D-6A2A8942488C}"
EndProject
Project("{FAE04EC0-301F-11D3-BF4B-00C04F79EFBC}") = "Video.iOS", "Video.iOS\Video.iOS.csproj", "{42344E6A-9FC9-47BB-AC4D-A128A9150E95}"
EndProject
Project("{FAE04EC0-301F-11D3-BF4B-00C04F79EFBC}") = "Video.Droid", "Video.Droid\Video.Droid.csproj", "{B50FD656-100E-464A-97B0-214B2318ADE0}"
EndProject
Project("{FAE04EC0-301F-11D3-BF4B-00C04F79EFBC}") = "Video.Console", "Video.Console\Video.Console.csproj", "{EBEA2FB2-FA6F-48EA-8D8F-E7FE3DCD0C7B}"
EndProject
Project("{FAE04EC0-301F-11D3-BF4B-00C04F79EFBC}") = "Video.Test", "Video.Test\Video.Test.csproj", "{865C6F6C-9336-48B0-BAB9-BB00807BF73F}"
EndProject
Project("{2150E333-8FDC-42A3-9474-1A3956D46DE8}") = "Shared", "Shared", "{A77F6FF9-CEE9-4185-AA20-81426D8ACBDC}"
	ProjectSection(SolutionItems) = preProject
		Shared\ServiceRegistrar.cs = Shared\ServiceRegistrar.cs
	EndProjectSection
EndProject
Project("{FAE04EC0-301F-11D3-BF4B-00C04F79EFBC}") = "Video.WP8", "Video.WP8\Video.WP8.csproj", "{D2C65F90-12B5-4D37-9C97-594DB03930F2}"
EndProject
Project("{FAE04EC0-301F-11D3-BF4B-00C04F79EFBC}") = "Video.WindowsRT", "Video.WindowsRT\Video.WindowsRT.csproj", "{8438ED07-E053-46FC-8C53-5D8C558075E7}"
EndProject
Project("{2150E333-8FDC-42A3-9474-1A3956D46DE8}") = ".nuget", ".nuget", "{0BC4D4F7-E582-412D-A720-05829128FE20}"
	ProjectSection(SolutionItems) = preProject
		.nuget\NuGet.Config = .nuget\NuGet.Config
		.nuget\NuGet.exe = .nuget\NuGet.exe
		.nuget\NuGet.targets = .nuget\NuGet.targets
	EndProjectSection
EndProject
Global
	GlobalSection(TeamFoundationVersionControl) = preSolution
		SccNumberOfProjects = 8
		SccEnterpriseProvider = {4CA58AB2-18FA-4F8D-95D4-32DDF27D184C}
		SccTeamFoundationServer = https://pjguitarist.visualstudio.com/defaultcollection
		SccLocalPath0 = .
		SccProjectUniqueName1 = Video.Console\\Video.Console.csproj
		SccProjectName1 = Video.Console
		SccLocalPath1 = Video.Console
		SccProjectUniqueName2 = Video.Core\\Video.Core.csproj
		SccProjectName2 = Video.Core
		SccLocalPath2 = Video.Core
		SccProjectUniqueName3 = Video.Droid\\Video.Droid.csproj
		SccProjectName3 = Video.Droid
		SccLocalPath3 = Video.Droid
		SccProjectUniqueName4 = Video.iOS\\Video.iOS.csproj
		SccProjectName4 = Video.iOS
		SccLocalPath4 = Video.iOS
		SccProjectUniqueName5 = Video.Test\\Video.Test.csproj
		SccProjectName5 = Video.Test
		SccLocalPath5 = Video.Test
		SccProjectUniqueName6 = Video.WindowsRT\\Video.WindowsRT.csproj
		SccProjectName6 = Video.WindowsRT
		SccLocalPath6 = Video.WindowsRT
		SccProjectUniqueName7 = Video.WP8\\Video.WP8.csproj
		SccProjectName7 = Video.WP8
		SccLocalPath7 = Video.WP8
	EndGlobalSection
	GlobalSection(SolutionConfigurationPlatforms) = preSolution
		Ad-Hoc|Any CPU = Ad-Hoc|Any CPU
		Ad-Hoc|ARM = Ad-Hoc|ARM
		Ad-Hoc|iPhone = Ad-Hoc|iPhone
		Ad-Hoc|iPhoneSimulator = Ad-Hoc|iPhoneSimulator
		Ad-Hoc|Mixed Platforms = Ad-Hoc|Mixed Platforms
		Ad-Hoc|x64 = Ad-Hoc|x64
		Ad-Hoc|x86 = Ad-Hoc|x86
		AppStore|Any CPU = AppStore|Any CPU
		AppStore|ARM = AppStore|ARM
		AppStore|iPhone = AppStore|iPhone
		AppStore|iPhoneSimulator = AppStore|iPhoneSimulator
		AppStore|Mixed Platforms = AppStore|Mixed Platforms
		AppStore|x64 = AppStore|x64
		AppStore|x86 = AppStore|x86
		Debug|Any CPU = Debug|Any CPU
		Debug|ARM = Debug|ARM
		Debug|iPhone = Debug|iPhone
		Debug|iPhoneSimulator = Debug|iPhoneSimulator
		Debug|Mixed Platforms = Debug|Mixed Platforms
		Debug|x64 = Debug|x64
		Debug|x86 = Debug|x86
		Release|Any CPU = Release|Any CPU
		Release|ARM = Release|ARM
		Release|iPhone = Release|iPhone
		Release|iPhoneSimulator = Release|iPhoneSimulator
		Release|Mixed Platforms = Release|Mixed Platforms
		Release|x64 = Release|x64
		Release|x86 = Release|x86
	EndGlobalSection
	GlobalSection(ProjectConfigurationPlatforms) = postSolution
		{70940C98-8498-4495-A83D-6A2A8942488C}.Ad-Hoc|Any CPU.ActiveCfg = Release|Any CPU
		{70940C98-8498-4495-A83D-6A2A8942488C}.Ad-Hoc|Any CPU.Build.0 = Release|Any CPU
		{70940C98-8498-4495-A83D-6A2A8942488C}.Ad-Hoc|ARM.ActiveCfg = Debug|Any CPU
		{70940C98-8498-4495-A83D-6A2A8942488C}.Ad-Hoc|iPhone.ActiveCfg = Release|Any CPU
		{70940C98-8498-4495-A83D-6A2A8942488C}.Ad-Hoc|iPhoneSimulator.ActiveCfg = Release|Any CPU
		{70940C98-8498-4495-A83D-6A2A8942488C}.Ad-Hoc|Mixed Platforms.ActiveCfg = Release|Any CPU
		{70940C98-8498-4495-A83D-6A2A8942488C}.Ad-Hoc|Mixed Platforms.Build.0 = Release|Any CPU
		{70940C98-8498-4495-A83D-6A2A8942488C}.Ad-Hoc|x64.ActiveCfg = Debug|Any CPU
		{70940C98-8498-4495-A83D-6A2A8942488C}.Ad-Hoc|x86.ActiveCfg = Debug|Any CPU
		{70940C98-8498-4495-A83D-6A2A8942488C}.AppStore|Any CPU.ActiveCfg = Release|Any CPU
		{70940C98-8498-4495-A83D-6A2A8942488C}.AppStore|Any CPU.Build.0 = Release|Any CPU
		{70940C98-8498-4495-A83D-6A2A8942488C}.AppStore|ARM.ActiveCfg = Debug|Any CPU
		{70940C98-8498-4495-A83D-6A2A8942488C}.AppStore|iPhone.ActiveCfg = Release|Any CPU
		{70940C98-8498-4495-A83D-6A2A8942488C}.AppStore|iPhoneSimulator.ActiveCfg = Release|Any CPU
		{70940C98-8498-4495-A83D-6A2A8942488C}.AppStore|Mixed Platforms.ActiveCfg = Release|Any CPU
		{70940C98-8498-4495-A83D-6A2A8942488C}.AppStore|Mixed Platforms.Build.0 = Release|Any CPU
		{70940C98-8498-4495-A83D-6A2A8942488C}.AppStore|x64.ActiveCfg = Debug|Any CPU
		{70940C98-8498-4495-A83D-6A2A8942488C}.AppStore|x86.ActiveCfg = Debug|Any CPU
		{70940C98-8498-4495-A83D-6A2A8942488C}.Debug|Any CPU.ActiveCfg = Debug|Any CPU
		{70940C98-8498-4495-A83D-6A2A8942488C}.Debug|Any CPU.Build.0 = Debug|Any CPU
		{70940C98-8498-4495-A83D-6A2A8942488C}.Debug|ARM.ActiveCfg = Debug|Any CPU
		{70940C98-8498-4495-A83D-6A2A8942488C}.Debug|ARM.Build.0 = Debug|Any CPU
		{70940C98-8498-4495-A83D-6A2A8942488C}.Debug|iPhone.ActiveCfg = Debug|Any CPU
		{70940C98-8498-4495-A83D-6A2A8942488C}.Debug|iPhone.Build.0 = Debug|Any CPU
		{70940C98-8498-4495-A83D-6A2A8942488C}.Debug|iPhoneSimulator.ActiveCfg = Debug|Any CPU
		{70940C98-8498-4495-A83D-6A2A8942488C}.Debug|iPhoneSimulator.Build.0 = Debug|Any CPU
		{70940C98-8498-4495-A83D-6A2A8942488C}.Debug|Mixed Platforms.ActiveCfg = Debug|Any CPU
		{70940C98-8498-4495-A83D-6A2A8942488C}.Debug|Mixed Platforms.Build.0 = Debug|Any CPU
		{70940C98-8498-4495-A83D-6A2A8942488C}.Debug|x64.ActiveCfg = Debug|Any CPU
		{70940C98-8498-4495-A83D-6A2A8942488C}.Debug|x64.Build.0 = Debug|Any CPU
		{70940C98-8498-4495-A83D-6A2A8942488C}.Debug|x86.ActiveCfg = Debug|Any CPU
		{70940C98-8498-4495-A83D-6A2A8942488C}.Debug|x86.Build.0 = Debug|Any CPU
		{70940C98-8498-4495-A83D-6A2A8942488C}.Release|Any CPU.ActiveCfg = Release|Any CPU
		{70940C98-8498-4495-A83D-6A2A8942488C}.Release|Any CPU.Build.0 = Release|Any CPU
		{70940C98-8498-4495-A83D-6A2A8942488C}.Release|ARM.ActiveCfg = Release|Any CPU
		{70940C98-8498-4495-A83D-6A2A8942488C}.Release|iPhone.ActiveCfg = Release|Any CPU
		{70940C98-8498-4495-A83D-6A2A8942488C}.Release|iPhoneSimulator.ActiveCfg = Release|Any CPU
		{70940C98-8498-4495-A83D-6A2A8942488C}.Release|Mixed Platforms.ActiveCfg = Release|Any CPU
		{70940C98-8498-4495-A83D-6A2A8942488C}.Release|Mixed Platforms.Build.0 = Release|Any CPU
		{70940C98-8498-4495-A83D-6A2A8942488C}.Release|x64.ActiveCfg = Release|Any CPU
		{70940C98-8498-4495-A83D-6A2A8942488C}.Release|x86.ActiveCfg = Release|Any CPU
		{42344E6A-9FC9-47BB-AC4D-A128A9150E95}.Ad-Hoc|Any CPU.ActiveCfg = Ad-Hoc|iPhone
		{42344E6A-9FC9-47BB-AC4D-A128A9150E95}.Ad-Hoc|ARM.ActiveCfg = Ad-Hoc|iPhoneSimulator
		{42344E6A-9FC9-47BB-AC4D-A128A9150E95}.Ad-Hoc|iPhone.ActiveCfg = Ad-Hoc|iPhone
		{42344E6A-9FC9-47BB-AC4D-A128A9150E95}.Ad-Hoc|iPhone.Build.0 = Ad-Hoc|iPhone
		{42344E6A-9FC9-47BB-AC4D-A128A9150E95}.Ad-Hoc|iPhone.Deploy.0 = Ad-Hoc|iPhone
		{42344E6A-9FC9-47BB-AC4D-A128A9150E95}.Ad-Hoc|iPhoneSimulator.ActiveCfg = Ad-Hoc|iPhoneSimulator
		{42344E6A-9FC9-47BB-AC4D-A128A9150E95}.Ad-Hoc|iPhoneSimulator.Build.0 = Ad-Hoc|iPhoneSimulator
		{42344E6A-9FC9-47BB-AC4D-A128A9150E95}.Ad-Hoc|iPhoneSimulator.Deploy.0 = Ad-Hoc|iPhoneSimulator
		{42344E6A-9FC9-47BB-AC4D-A128A9150E95}.Ad-Hoc|Mixed Platforms.ActiveCfg = Ad-Hoc|iPhone
		{42344E6A-9FC9-47BB-AC4D-A128A9150E95}.Ad-Hoc|Mixed Platforms.Build.0 = Ad-Hoc|iPhone
		{42344E6A-9FC9-47BB-AC4D-A128A9150E95}.Ad-Hoc|Mixed Platforms.Deploy.0 = Ad-Hoc|iPhone
		{42344E6A-9FC9-47BB-AC4D-A128A9150E95}.Ad-Hoc|x64.ActiveCfg = Ad-Hoc|iPhoneSimulator
		{42344E6A-9FC9-47BB-AC4D-A128A9150E95}.Ad-Hoc|x86.ActiveCfg = Ad-Hoc|iPhoneSimulator
		{42344E6A-9FC9-47BB-AC4D-A128A9150E95}.AppStore|Any CPU.ActiveCfg = AppStore|iPhone
		{42344E6A-9FC9-47BB-AC4D-A128A9150E95}.AppStore|ARM.ActiveCfg = AppStore|iPhoneSimulator
		{42344E6A-9FC9-47BB-AC4D-A128A9150E95}.AppStore|iPhone.ActiveCfg = AppStore|iPhone
		{42344E6A-9FC9-47BB-AC4D-A128A9150E95}.AppStore|iPhone.Build.0 = AppStore|iPhone
		{42344E6A-9FC9-47BB-AC4D-A128A9150E95}.AppStore|iPhone.Deploy.0 = AppStore|iPhone
		{42344E6A-9FC9-47BB-AC4D-A128A9150E95}.AppStore|iPhoneSimulator.ActiveCfg = AppStore|iPhoneSimulator
		{42344E6A-9FC9-47BB-AC4D-A128A9150E95}.AppStore|iPhoneSimulator.Build.0 = AppStore|iPhoneSimulator
		{42344E6A-9FC9-47BB-AC4D-A128A9150E95}.AppStore|iPhoneSimulator.Deploy.0 = AppStore|iPhoneSimulator
		{42344E6A-9FC9-47BB-AC4D-A128A9150E95}.AppStore|Mixed Platforms.ActiveCfg = AppStore|iPhone
		{42344E6A-9FC9-47BB-AC4D-A128A9150E95}.AppStore|Mixed Platforms.Build.0 = AppStore|iPhone
		{42344E6A-9FC9-47BB-AC4D-A128A9150E95}.AppStore|Mixed Platforms.Deploy.0 = AppStore|iPhone
		{42344E6A-9FC9-47BB-AC4D-A128A9150E95}.AppStore|x64.ActiveCfg = AppStore|iPhoneSimulator
		{42344E6A-9FC9-47BB-AC4D-A128A9150E95}.AppStore|x86.ActiveCfg = AppStore|iPhoneSimulator
		{42344E6A-9FC9-47BB-AC4D-A128A9150E95}.Debug|Any CPU.ActiveCfg = Debug|iPhone
		{42344E6A-9FC9-47BB-AC4D-A128A9150E95}.Debug|ARM.ActiveCfg = Debug|iPhoneSimulator
		{42344E6A-9FC9-47BB-AC4D-A128A9150E95}.Debug|iPhone.ActiveCfg = Debug|iPhone
		{42344E6A-9FC9-47BB-AC4D-A128A9150E95}.Debug|iPhone.Build.0 = Debug|iPhone
		{42344E6A-9FC9-47BB-AC4D-A128A9150E95}.Debug|iPhone.Deploy.0 = Debug|iPhone
		{42344E6A-9FC9-47BB-AC4D-A128A9150E95}.Debug|iPhoneSimulator.ActiveCfg = Debug|iPhoneSimulator
		{42344E6A-9FC9-47BB-AC4D-A128A9150E95}.Debug|iPhoneSimulator.Build.0 = Debug|iPhoneSimulator
		{42344E6A-9FC9-47BB-AC4D-A128A9150E95}.Debug|iPhoneSimulator.Deploy.0 = Debug|iPhoneSimulator
		{42344E6A-9FC9-47BB-AC4D-A128A9150E95}.Debug|Mixed Platforms.ActiveCfg = Debug|iPhone
		{42344E6A-9FC9-47BB-AC4D-A128A9150E95}.Debug|Mixed Platforms.Build.0 = Debug|iPhone
		{42344E6A-9FC9-47BB-AC4D-A128A9150E95}.Debug|Mixed Platforms.Deploy.0 = Debug|iPhone
		{42344E6A-9FC9-47BB-AC4D-A128A9150E95}.Debug|x64.ActiveCfg = Debug|iPhoneSimulator
		{42344E6A-9FC9-47BB-AC4D-A128A9150E95}.Debug|x86.ActiveCfg = Debug|iPhoneSimulator
		{42344E6A-9FC9-47BB-AC4D-A128A9150E95}.Release|Any CPU.ActiveCfg = Release|iPhone
		{42344E6A-9FC9-47BB-AC4D-A128A9150E95}.Release|ARM.ActiveCfg = Release|iPhoneSimulator
		{42344E6A-9FC9-47BB-AC4D-A128A9150E95}.Release|iPhone.ActiveCfg = Release|iPhone
		{42344E6A-9FC9-47BB-AC4D-A128A9150E95}.Release|iPhone.Build.0 = Release|iPhone
		{42344E6A-9FC9-47BB-AC4D-A128A9150E95}.Release|iPhone.Deploy.0 = Release|iPhone
		{42344E6A-9FC9-47BB-AC4D-A128A9150E95}.Release|iPhoneSimulator.ActiveCfg = Release|iPhoneSimulator
		{42344E6A-9FC9-47BB-AC4D-A128A9150E95}.Release|iPhoneSimulator.Build.0 = Release|iPhoneSimulator
		{42344E6A-9FC9-47BB-AC4D-A128A9150E95}.Release|iPhoneSimulator.Deploy.0 = Release|iPhoneSimulator
		{42344E6A-9FC9-47BB-AC4D-A128A9150E95}.Release|Mixed Platforms.ActiveCfg = Release|iPhone
		{42344E6A-9FC9-47BB-AC4D-A128A9150E95}.Release|Mixed Platforms.Build.0 = Release|iPhone
		{42344E6A-9FC9-47BB-AC4D-A128A9150E95}.Release|Mixed Platforms.Deploy.0 = Release|iPhone
		{42344E6A-9FC9-47BB-AC4D-A128A9150E95}.Release|x64.ActiveCfg = Release|iPhoneSimulator
		{42344E6A-9FC9-47BB-AC4D-A128A9150E95}.Release|x86.ActiveCfg = Release|iPhoneSimulator
		{B50FD656-100E-464A-97B0-214B2318ADE0}.Ad-Hoc|Any CPU.ActiveCfg = Release|Any CPU
		{B50FD656-100E-464A-97B0-214B2318ADE0}.Ad-Hoc|Any CPU.Build.0 = Release|Any CPU
		{B50FD656-100E-464A-97B0-214B2318ADE0}.Ad-Hoc|Any CPU.Deploy.0 = Release|Any CPU
		{B50FD656-100E-464A-97B0-214B2318ADE0}.Ad-Hoc|ARM.ActiveCfg = Release|Any CPU
		{B50FD656-100E-464A-97B0-214B2318ADE0}.Ad-Hoc|iPhone.ActiveCfg = Release|Any CPU
		{B50FD656-100E-464A-97B0-214B2318ADE0}.Ad-Hoc|iPhoneSimulator.ActiveCfg = Release|Any CPU
		{B50FD656-100E-464A-97B0-214B2318ADE0}.Ad-Hoc|Mixed Platforms.ActiveCfg = Release|Any CPU
		{B50FD656-100E-464A-97B0-214B2318ADE0}.Ad-Hoc|Mixed Platforms.Build.0 = Release|Any CPU
		{B50FD656-100E-464A-97B0-214B2318ADE0}.Ad-Hoc|Mixed Platforms.Deploy.0 = Release|Any CPU
		{B50FD656-100E-464A-97B0-214B2318ADE0}.Ad-Hoc|x64.ActiveCfg = Debug|Any CPU
		{B50FD656-100E-464A-97B0-214B2318ADE0}.Ad-Hoc|x86.ActiveCfg = Release|Any CPU
		{B50FD656-100E-464A-97B0-214B2318ADE0}.AppStore|Any CPU.ActiveCfg = Release|Any CPU
		{B50FD656-100E-464A-97B0-214B2318ADE0}.AppStore|Any CPU.Build.0 = Release|Any CPU
		{B50FD656-100E-464A-97B0-214B2318ADE0}.AppStore|Any CPU.Deploy.0 = Release|Any CPU
		{B50FD656-100E-464A-97B0-214B2318ADE0}.AppStore|ARM.ActiveCfg = Release|Any CPU
		{B50FD656-100E-464A-97B0-214B2318ADE0}.AppStore|iPhone.ActiveCfg = Release|Any CPU
		{B50FD656-100E-464A-97B0-214B2318ADE0}.AppStore|iPhoneSimulator.ActiveCfg = Release|Any CPU
		{B50FD656-100E-464A-97B0-214B2318ADE0}.AppStore|Mixed Platforms.ActiveCfg = Release|Any CPU
		{B50FD656-100E-464A-97B0-214B2318ADE0}.AppStore|Mixed Platforms.Build.0 = Release|Any CPU
		{B50FD656-100E-464A-97B0-214B2318ADE0}.AppStore|Mixed Platforms.Deploy.0 = Release|Any CPU
		{B50FD656-100E-464A-97B0-214B2318ADE0}.AppStore|x64.ActiveCfg = Debug|Any CPU
		{B50FD656-100E-464A-97B0-214B2318ADE0}.AppStore|x86.ActiveCfg = Release|Any CPU
		{B50FD656-100E-464A-97B0-214B2318ADE0}.Debug|Any CPU.ActiveCfg = Debug|Any CPU
		{B50FD656-100E-464A-97B0-214B2318ADE0}.Debug|Any CPU.Build.0 = Debug|Any CPU
		{B50FD656-100E-464A-97B0-214B2318ADE0}.Debug|Any CPU.Deploy.0 = Debug|Any CPU
		{B50FD656-100E-464A-97B0-214B2318ADE0}.Debug|ARM.ActiveCfg = Debug|Any CPU
		{B50FD656-100E-464A-97B0-214B2318ADE0}.Debug|iPhone.ActiveCfg = Debug|Any CPU
		{B50FD656-100E-464A-97B0-214B2318ADE0}.Debug|iPhoneSimulator.ActiveCfg = Debug|Any CPU
		{B50FD656-100E-464A-97B0-214B2318ADE0}.Debug|Mixed Platforms.ActiveCfg = Debug|Any CPU
		{B50FD656-100E-464A-97B0-214B2318ADE0}.Debug|Mixed Platforms.Build.0 = Debug|Any CPU
		{B50FD656-100E-464A-97B0-214B2318ADE0}.Debug|Mixed Platforms.Deploy.0 = Debug|Any CPU
		{B50FD656-100E-464A-97B0-214B2318ADE0}.Debug|x64.ActiveCfg = Debug|Any CPU
		{B50FD656-100E-464A-97B0-214B2318ADE0}.Debug|x86.ActiveCfg = Debug|Any CPU
		{B50FD656-100E-464A-97B0-214B2318ADE0}.Release|Any CPU.ActiveCfg = Release|Any CPU
		{B50FD656-100E-464A-97B0-214B2318ADE0}.Release|Any CPU.Build.0 = Release|Any CPU
		{B50FD656-100E-464A-97B0-214B2318ADE0}.Release|Any CPU.Deploy.0 = Release|Any CPU
		{B50FD656-100E-464A-97B0-214B2318ADE0}.Release|ARM.ActiveCfg = Release|Any CPU
		{B50FD656-100E-464A-97B0-214B2318ADE0}.Release|iPhone.ActiveCfg = Release|Any CPU
		{B50FD656-100E-464A-97B0-214B2318ADE0}.Release|iPhoneSimulator.ActiveCfg = Release|Any CPU
		{B50FD656-100E-464A-97B0-214B2318ADE0}.Release|Mixed Platforms.ActiveCfg = Release|Any CPU
		{B50FD656-100E-464A-97B0-214B2318ADE0}.Release|Mixed Platforms.Build.0 = Release|Any CPU
		{B50FD656-100E-464A-97B0-214B2318ADE0}.Release|Mixed Platforms.Deploy.0 = Release|Any CPU
		{B50FD656-100E-464A-97B0-214B2318ADE0}.Release|x64.ActiveCfg = Release|Any CPU
		{B50FD656-100E-464A-97B0-214B2318ADE0}.Release|x86.ActiveCfg = Release|Any CPU
		{EBEA2FB2-FA6F-48EA-8D8F-E7FE3DCD0C7B}.Ad-Hoc|Any CPU.ActiveCfg = Release|Any CPU
		{EBEA2FB2-FA6F-48EA-8D8F-E7FE3DCD0C7B}.Ad-Hoc|Any CPU.Build.0 = Release|Any CPU
		{EBEA2FB2-FA6F-48EA-8D8F-E7FE3DCD0C7B}.Ad-Hoc|ARM.ActiveCfg = Release|Any CPU
		{EBEA2FB2-FA6F-48EA-8D8F-E7FE3DCD0C7B}.Ad-Hoc|iPhone.ActiveCfg = Release|Any CPU
		{EBEA2FB2-FA6F-48EA-8D8F-E7FE3DCD0C7B}.Ad-Hoc|iPhoneSimulator.ActiveCfg = Release|Any CPU
		{EBEA2FB2-FA6F-48EA-8D8F-E7FE3DCD0C7B}.Ad-Hoc|Mixed Platforms.ActiveCfg = Release|Any CPU
		{EBEA2FB2-FA6F-48EA-8D8F-E7FE3DCD0C7B}.Ad-Hoc|Mixed Platforms.Build.0 = Release|Any CPU
		{EBEA2FB2-FA6F-48EA-8D8F-E7FE3DCD0C7B}.Ad-Hoc|x64.ActiveCfg = Debug|Any CPU
		{EBEA2FB2-FA6F-48EA-8D8F-E7FE3DCD0C7B}.Ad-Hoc|x86.ActiveCfg = Release|Any CPU
		{EBEA2FB2-FA6F-48EA-8D8F-E7FE3DCD0C7B}.AppStore|Any CPU.ActiveCfg = Release|Any CPU
		{EBEA2FB2-FA6F-48EA-8D8F-E7FE3DCD0C7B}.AppStore|Any CPU.Build.0 = Release|Any CPU
		{EBEA2FB2-FA6F-48EA-8D8F-E7FE3DCD0C7B}.AppStore|ARM.ActiveCfg = Release|Any CPU
		{EBEA2FB2-FA6F-48EA-8D8F-E7FE3DCD0C7B}.AppStore|iPhone.ActiveCfg = Release|Any CPU
		{EBEA2FB2-FA6F-48EA-8D8F-E7FE3DCD0C7B}.AppStore|iPhoneSimulator.ActiveCfg = Release|Any CPU
		{EBEA2FB2-FA6F-48EA-8D8F-E7FE3DCD0C7B}.AppStore|Mixed Platforms.ActiveCfg = Release|Any CPU
		{EBEA2FB2-FA6F-48EA-8D8F-E7FE3DCD0C7B}.AppStore|Mixed Platforms.Build.0 = Release|Any CPU
		{EBEA2FB2-FA6F-48EA-8D8F-E7FE3DCD0C7B}.AppStore|x64.ActiveCfg = Debug|Any CPU
		{EBEA2FB2-FA6F-48EA-8D8F-E7FE3DCD0C7B}.AppStore|x86.ActiveCfg = Release|Any CPU
		{EBEA2FB2-FA6F-48EA-8D8F-E7FE3DCD0C7B}.Debug|Any CPU.ActiveCfg = Debug|Any CPU
		{EBEA2FB2-FA6F-48EA-8D8F-E7FE3DCD0C7B}.Debug|Any CPU.Build.0 = Debug|Any CPU
		{EBEA2FB2-FA6F-48EA-8D8F-E7FE3DCD0C7B}.Debug|ARM.ActiveCfg = Debug|Any CPU
		{EBEA2FB2-FA6F-48EA-8D8F-E7FE3DCD0C7B}.Debug|iPhone.ActiveCfg = Debug|Any CPU
		{EBEA2FB2-FA6F-48EA-8D8F-E7FE3DCD0C7B}.Debug|iPhoneSimulator.ActiveCfg = Debug|Any CPU
		{EBEA2FB2-FA6F-48EA-8D8F-E7FE3DCD0C7B}.Debug|Mixed Platforms.ActiveCfg = Debug|Any CPU
		{EBEA2FB2-FA6F-48EA-8D8F-E7FE3DCD0C7B}.Debug|Mixed Platforms.Build.0 = Debug|Any CPU
		{EBEA2FB2-FA6F-48EA-8D8F-E7FE3DCD0C7B}.Debug|x64.ActiveCfg = Debug|Any CPU
		{EBEA2FB2-FA6F-48EA-8D8F-E7FE3DCD0C7B}.Debug|x86.ActiveCfg = Debug|Any CPU
		{EBEA2FB2-FA6F-48EA-8D8F-E7FE3DCD0C7B}.Release|Any CPU.ActiveCfg = Release|Any CPU
		{EBEA2FB2-FA6F-48EA-8D8F-E7FE3DCD0C7B}.Release|Any CPU.Build.0 = Release|Any CPU
		{EBEA2FB2-FA6F-48EA-8D8F-E7FE3DCD0C7B}.Release|ARM.ActiveCfg = Release|Any CPU
		{EBEA2FB2-FA6F-48EA-8D8F-E7FE3DCD0C7B}.Release|iPhone.ActiveCfg = Release|Any CPU
		{EBEA2FB2-FA6F-48EA-8D8F-E7FE3DCD0C7B}.Release|iPhoneSimulator.ActiveCfg = Release|Any CPU
		{EBEA2FB2-FA6F-48EA-8D8F-E7FE3DCD0C7B}.Release|Mixed Platforms.ActiveCfg = Release|Any CPU
		{EBEA2FB2-FA6F-48EA-8D8F-E7FE3DCD0C7B}.Release|Mixed Platforms.Build.0 = Release|Any CPU
		{EBEA2FB2-FA6F-48EA-8D8F-E7FE3DCD0C7B}.Release|x64.ActiveCfg = Release|Any CPU
		{EBEA2FB2-FA6F-48EA-8D8F-E7FE3DCD0C7B}.Release|x86.ActiveCfg = Release|Any CPU
		{865C6F6C-9336-48B0-BAB9-BB00807BF73F}.Ad-Hoc|Any CPU.ActiveCfg = Release|Any CPU
		{865C6F6C-9336-48B0-BAB9-BB00807BF73F}.Ad-Hoc|Any CPU.Build.0 = Release|Any CPU
		{865C6F6C-9336-48B0-BAB9-BB00807BF73F}.Ad-Hoc|ARM.ActiveCfg = Release|Any CPU
		{865C6F6C-9336-48B0-BAB9-BB00807BF73F}.Ad-Hoc|iPhone.ActiveCfg = Release|Any CPU
		{865C6F6C-9336-48B0-BAB9-BB00807BF73F}.Ad-Hoc|iPhoneSimulator.ActiveCfg = Release|Any CPU
		{865C6F6C-9336-48B0-BAB9-BB00807BF73F}.Ad-Hoc|Mixed Platforms.ActiveCfg = Release|Any CPU
		{865C6F6C-9336-48B0-BAB9-BB00807BF73F}.Ad-Hoc|Mixed Platforms.Build.0 = Release|Any CPU
		{865C6F6C-9336-48B0-BAB9-BB00807BF73F}.Ad-Hoc|x64.ActiveCfg = Debug|Any CPU
		{865C6F6C-9336-48B0-BAB9-BB00807BF73F}.Ad-Hoc|x86.ActiveCfg = Release|Any CPU
		{865C6F6C-9336-48B0-BAB9-BB00807BF73F}.AppStore|Any CPU.ActiveCfg = Release|Any CPU
		{865C6F6C-9336-48B0-BAB9-BB00807BF73F}.AppStore|Any CPU.Build.0 = Release|Any CPU
		{865C6F6C-9336-48B0-BAB9-BB00807BF73F}.AppStore|ARM.ActiveCfg = Release|Any CPU
		{865C6F6C-9336-48B0-BAB9-BB00807BF73F}.AppStore|iPhone.ActiveCfg = Release|Any CPU
		{865C6F6C-9336-48B0-BAB9-BB00807BF73F}.AppStore|iPhoneSimulator.ActiveCfg = Release|Any CPU
		{865C6F6C-9336-48B0-BAB9-BB00807BF73F}.AppStore|Mixed Platforms.ActiveCfg = Release|Any CPU
		{865C6F6C-9336-48B0-BAB9-BB00807BF73F}.AppStore|Mixed Platforms.Build.0 = Release|Any CPU
		{865C6F6C-9336-48B0-BAB9-BB00807BF73F}.AppStore|x64.ActiveCfg = Debug|Any CPU
		{865C6F6C-9336-48B0-BAB9-BB00807BF73F}.AppStore|x86.ActiveCfg = Release|Any CPU
		{865C6F6C-9336-48B0-BAB9-BB00807BF73F}.Debug|Any CPU.ActiveCfg = Debug|Any CPU
		{865C6F6C-9336-48B0-BAB9-BB00807BF73F}.Debug|Any CPU.Build.0 = Debug|Any CPU
		{865C6F6C-9336-48B0-BAB9-BB00807BF73F}.Debug|ARM.ActiveCfg = Debug|Any CPU
		{865C6F6C-9336-48B0-BAB9-BB00807BF73F}.Debug|iPhone.ActiveCfg = Debug|Any CPU
		{865C6F6C-9336-48B0-BAB9-BB00807BF73F}.Debug|iPhoneSimulator.ActiveCfg = Debug|Any CPU
		{865C6F6C-9336-48B0-BAB9-BB00807BF73F}.Debug|Mixed Platforms.ActiveCfg = Debug|Any CPU
		{865C6F6C-9336-48B0-BAB9-BB00807BF73F}.Debug|Mixed Platforms.Build.0 = Debug|Any CPU
		{865C6F6C-9336-48B0-BAB9-BB00807BF73F}.Debug|x64.ActiveCfg = Debug|Any CPU
		{865C6F6C-9336-48B0-BAB9-BB00807BF73F}.Debug|x86.ActiveCfg = Debug|Any CPU
		{865C6F6C-9336-48B0-BAB9-BB00807BF73F}.Release|Any CPU.ActiveCfg = Release|Any CPU
		{865C6F6C-9336-48B0-BAB9-BB00807BF73F}.Release|Any CPU.Build.0 = Release|Any CPU
		{865C6F6C-9336-48B0-BAB9-BB00807BF73F}.Release|ARM.ActiveCfg = Release|Any CPU
		{865C6F6C-9336-48B0-BAB9-BB00807BF73F}.Release|iPhone.ActiveCfg = Release|Any CPU
		{865C6F6C-9336-48B0-BAB9-BB00807BF73F}.Release|iPhoneSimulator.ActiveCfg = Release|Any CPU
		{865C6F6C-9336-48B0-BAB9-BB00807BF73F}.Release|Mixed Platforms.ActiveCfg = Release|Any CPU
		{865C6F6C-9336-48B0-BAB9-BB00807BF73F}.Release|Mixed Platforms.Build.0 = Release|Any CPU
		{865C6F6C-9336-48B0-BAB9-BB00807BF73F}.Release|x64.ActiveCfg = Release|Any CPU
		{865C6F6C-9336-48B0-BAB9-BB00807BF73F}.Release|x86.ActiveCfg = Release|Any CPU
		{D2C65F90-12B5-4D37-9C97-594DB03930F2}.Ad-Hoc|Any CPU.ActiveCfg = Release|Any CPU
		{D2C65F90-12B5-4D37-9C97-594DB03930F2}.Ad-Hoc|Any CPU.Build.0 = Release|Any CPU
		{D2C65F90-12B5-4D37-9C97-594DB03930F2}.Ad-Hoc|Any CPU.Deploy.0 = Release|Any CPU
		{D2C65F90-12B5-4D37-9C97-594DB03930F2}.Ad-Hoc|ARM.ActiveCfg = Release|ARM
		{D2C65F90-12B5-4D37-9C97-594DB03930F2}.Ad-Hoc|ARM.Build.0 = Release|ARM
		{D2C65F90-12B5-4D37-9C97-594DB03930F2}.Ad-Hoc|ARM.Deploy.0 = Release|ARM
		{D2C65F90-12B5-4D37-9C97-594DB03930F2}.Ad-Hoc|iPhone.ActiveCfg = Release|Any CPU
		{D2C65F90-12B5-4D37-9C97-594DB03930F2}.Ad-Hoc|iPhoneSimulator.ActiveCfg = Release|Any CPU
		{D2C65F90-12B5-4D37-9C97-594DB03930F2}.Ad-Hoc|Mixed Platforms.ActiveCfg = Release|x86
		{D2C65F90-12B5-4D37-9C97-594DB03930F2}.Ad-Hoc|Mixed Platforms.Build.0 = Release|x86
		{D2C65F90-12B5-4D37-9C97-594DB03930F2}.Ad-Hoc|Mixed Platforms.Deploy.0 = Release|x86
		{D2C65F90-12B5-4D37-9C97-594DB03930F2}.Ad-Hoc|x64.ActiveCfg = Release|Any CPU
		{D2C65F90-12B5-4D37-9C97-594DB03930F2}.Ad-Hoc|x86.ActiveCfg = Release|x86
		{D2C65F90-12B5-4D37-9C97-594DB03930F2}.Ad-Hoc|x86.Build.0 = Release|x86
		{D2C65F90-12B5-4D37-9C97-594DB03930F2}.Ad-Hoc|x86.Deploy.0 = Release|x86
		{D2C65F90-12B5-4D37-9C97-594DB03930F2}.AppStore|Any CPU.ActiveCfg = Release|Any CPU
		{D2C65F90-12B5-4D37-9C97-594DB03930F2}.AppStore|Any CPU.Build.0 = Release|Any CPU
		{D2C65F90-12B5-4D37-9C97-594DB03930F2}.AppStore|Any CPU.Deploy.0 = Release|Any CPU
		{D2C65F90-12B5-4D37-9C97-594DB03930F2}.AppStore|ARM.ActiveCfg = Release|ARM
		{D2C65F90-12B5-4D37-9C97-594DB03930F2}.AppStore|ARM.Build.0 = Release|ARM
		{D2C65F90-12B5-4D37-9C97-594DB03930F2}.AppStore|ARM.Deploy.0 = Release|ARM
		{D2C65F90-12B5-4D37-9C97-594DB03930F2}.AppStore|iPhone.ActiveCfg = Release|Any CPU
		{D2C65F90-12B5-4D37-9C97-594DB03930F2}.AppStore|iPhoneSimulator.ActiveCfg = Release|Any CPU
		{D2C65F90-12B5-4D37-9C97-594DB03930F2}.AppStore|Mixed Platforms.ActiveCfg = Release|x86
		{D2C65F90-12B5-4D37-9C97-594DB03930F2}.AppStore|Mixed Platforms.Build.0 = Release|x86
		{D2C65F90-12B5-4D37-9C97-594DB03930F2}.AppStore|Mixed Platforms.Deploy.0 = Release|x86
		{D2C65F90-12B5-4D37-9C97-594DB03930F2}.AppStore|x64.ActiveCfg = Release|Any CPU
		{D2C65F90-12B5-4D37-9C97-594DB03930F2}.AppStore|x86.ActiveCfg = Release|x86
		{D2C65F90-12B5-4D37-9C97-594DB03930F2}.AppStore|x86.Build.0 = Release|x86
		{D2C65F90-12B5-4D37-9C97-594DB03930F2}.AppStore|x86.Deploy.0 = Release|x86
		{D2C65F90-12B5-4D37-9C97-594DB03930F2}.Debug|Any CPU.ActiveCfg = Debug|Any CPU
		{D2C65F90-12B5-4D37-9C97-594DB03930F2}.Debug|Any CPU.Build.0 = Debug|Any CPU
		{D2C65F90-12B5-4D37-9C97-594DB03930F2}.Debug|Any CPU.Deploy.0 = Debug|Any CPU
		{D2C65F90-12B5-4D37-9C97-594DB03930F2}.Debug|ARM.ActiveCfg = Debug|ARM
		{D2C65F90-12B5-4D37-9C97-594DB03930F2}.Debug|ARM.Build.0 = Debug|ARM
		{D2C65F90-12B5-4D37-9C97-594DB03930F2}.Debug|ARM.Deploy.0 = Debug|ARM
		{D2C65F90-12B5-4D37-9C97-594DB03930F2}.Debug|iPhone.ActiveCfg = Debug|Any CPU
		{D2C65F90-12B5-4D37-9C97-594DB03930F2}.Debug|iPhoneSimulator.ActiveCfg = Debug|Any CPU
		{D2C65F90-12B5-4D37-9C97-594DB03930F2}.Debug|Mixed Platforms.ActiveCfg = Debug|x86
		{D2C65F90-12B5-4D37-9C97-594DB03930F2}.Debug|Mixed Platforms.Build.0 = Debug|x86
		{D2C65F90-12B5-4D37-9C97-594DB03930F2}.Debug|Mixed Platforms.Deploy.0 = Debug|x86
		{D2C65F90-12B5-4D37-9C97-594DB03930F2}.Debug|x64.ActiveCfg = Debug|Any CPU
		{D2C65F90-12B5-4D37-9C97-594DB03930F2}.Debug|x86.ActiveCfg = Debug|x86
		{D2C65F90-12B5-4D37-9C97-594DB03930F2}.Debug|x86.Build.0 = Debug|x86
		{D2C65F90-12B5-4D37-9C97-594DB03930F2}.Debug|x86.Deploy.0 = Debug|x86
		{D2C65F90-12B5-4D37-9C97-594DB03930F2}.Release|Any CPU.ActiveCfg = Release|Any CPU
		{D2C65F90-12B5-4D37-9C97-594DB03930F2}.Release|Any CPU.Build.0 = Release|Any CPU
		{D2C65F90-12B5-4D37-9C97-594DB03930F2}.Release|Any CPU.Deploy.0 = Release|Any CPU
		{D2C65F90-12B5-4D37-9C97-594DB03930F2}.Release|ARM.ActiveCfg = Release|ARM
		{D2C65F90-12B5-4D37-9C97-594DB03930F2}.Release|ARM.Build.0 = Release|ARM
		{D2C65F90-12B5-4D37-9C97-594DB03930F2}.Release|ARM.Deploy.0 = Release|ARM
		{D2C65F90-12B5-4D37-9C97-594DB03930F2}.Release|iPhone.ActiveCfg = Release|Any CPU
		{D2C65F90-12B5-4D37-9C97-594DB03930F2}.Release|iPhoneSimulator.ActiveCfg = Release|Any CPU
		{D2C65F90-12B5-4D37-9C97-594DB03930F2}.Release|Mixed Platforms.ActiveCfg = Release|x86
		{D2C65F90-12B5-4D37-9C97-594DB03930F2}.Release|Mixed Platforms.Build.0 = Release|x86
		{D2C65F90-12B5-4D37-9C97-594DB03930F2}.Release|Mixed Platforms.Deploy.0 = Release|x86
		{D2C65F90-12B5-4D37-9C97-594DB03930F2}.Release|x64.ActiveCfg = Release|Any CPU
		{D2C65F90-12B5-4D37-9C97-594DB03930F2}.Release|x86.ActiveCfg = Release|x86
		{D2C65F90-12B5-4D37-9C97-594DB03930F2}.Release|x86.Build.0 = Release|x86
		{D2C65F90-12B5-4D37-9C97-594DB03930F2}.Release|x86.Deploy.0 = Release|x86
		{8438ED07-E053-46FC-8C53-5D8C558075E7}.Ad-Hoc|Any CPU.ActiveCfg = Release|Any CPU
		{8438ED07-E053-46FC-8C53-5D8C558075E7}.Ad-Hoc|Any CPU.Build.0 = Release|Any CPU
		{8438ED07-E053-46FC-8C53-5D8C558075E7}.Ad-Hoc|Any CPU.Deploy.0 = Release|Any CPU
		{8438ED07-E053-46FC-8C53-5D8C558075E7}.Ad-Hoc|ARM.ActiveCfg = Release|ARM
		{8438ED07-E053-46FC-8C53-5D8C558075E7}.Ad-Hoc|ARM.Build.0 = Release|ARM
		{8438ED07-E053-46FC-8C53-5D8C558075E7}.Ad-Hoc|ARM.Deploy.0 = Release|ARM
		{8438ED07-E053-46FC-8C53-5D8C558075E7}.Ad-Hoc|iPhone.ActiveCfg = Release|Any CPU
		{8438ED07-E053-46FC-8C53-5D8C558075E7}.Ad-Hoc|iPhoneSimulator.ActiveCfg = Release|Any CPU
		{8438ED07-E053-46FC-8C53-5D8C558075E7}.Ad-Hoc|Mixed Platforms.ActiveCfg = Release|x86
		{8438ED07-E053-46FC-8C53-5D8C558075E7}.Ad-Hoc|Mixed Platforms.Build.0 = Release|x86
		{8438ED07-E053-46FC-8C53-5D8C558075E7}.Ad-Hoc|Mixed Platforms.Deploy.0 = Release|x86
		{8438ED07-E053-46FC-8C53-5D8C558075E7}.Ad-Hoc|x64.ActiveCfg = Release|x64
		{8438ED07-E053-46FC-8C53-5D8C558075E7}.Ad-Hoc|x64.Build.0 = Release|x64
		{8438ED07-E053-46FC-8C53-5D8C558075E7}.Ad-Hoc|x64.Deploy.0 = Release|x64
		{8438ED07-E053-46FC-8C53-5D8C558075E7}.Ad-Hoc|x86.ActiveCfg = Release|x86
		{8438ED07-E053-46FC-8C53-5D8C558075E7}.Ad-Hoc|x86.Build.0 = Release|x86
		{8438ED07-E053-46FC-8C53-5D8C558075E7}.Ad-Hoc|x86.Deploy.0 = Release|x86
		{8438ED07-E053-46FC-8C53-5D8C558075E7}.AppStore|Any CPU.ActiveCfg = Release|Any CPU
		{8438ED07-E053-46FC-8C53-5D8C558075E7}.AppStore|Any CPU.Build.0 = Release|Any CPU
		{8438ED07-E053-46FC-8C53-5D8C558075E7}.AppStore|Any CPU.Deploy.0 = Release|Any CPU
		{8438ED07-E053-46FC-8C53-5D8C558075E7}.AppStore|ARM.ActiveCfg = Release|ARM
		{8438ED07-E053-46FC-8C53-5D8C558075E7}.AppStore|ARM.Build.0 = Release|ARM
		{8438ED07-E053-46FC-8C53-5D8C558075E7}.AppStore|ARM.Deploy.0 = Release|ARM
		{8438ED07-E053-46FC-8C53-5D8C558075E7}.AppStore|iPhone.ActiveCfg = Release|Any CPU
		{8438ED07-E053-46FC-8C53-5D8C558075E7}.AppStore|iPhoneSimulator.ActiveCfg = Release|Any CPU
		{8438ED07-E053-46FC-8C53-5D8C558075E7}.AppStore|Mixed Platforms.ActiveCfg = Release|x86
		{8438ED07-E053-46FC-8C53-5D8C558075E7}.AppStore|Mixed Platforms.Build.0 = Release|x86
		{8438ED07-E053-46FC-8C53-5D8C558075E7}.AppStore|Mixed Platforms.Deploy.0 = Release|x86
		{8438ED07-E053-46FC-8C53-5D8C558075E7}.AppStore|x64.ActiveCfg = Release|x64
		{8438ED07-E053-46FC-8C53-5D8C558075E7}.AppStore|x64.Build.0 = Release|x64
		{8438ED07-E053-46FC-8C53-5D8C558075E7}.AppStore|x64.Deploy.0 = Release|x64
		{8438ED07-E053-46FC-8C53-5D8C558075E7}.AppStore|x86.ActiveCfg = Release|x86
		{8438ED07-E053-46FC-8C53-5D8C558075E7}.AppStore|x86.Build.0 = Release|x86
		{8438ED07-E053-46FC-8C53-5D8C558075E7}.AppStore|x86.Deploy.0 = Release|x86
		{8438ED07-E053-46FC-8C53-5D8C558075E7}.Debug|Any CPU.ActiveCfg = Debug|Any CPU
		{8438ED07-E053-46FC-8C53-5D8C558075E7}.Debug|Any CPU.Build.0 = Debug|Any CPU
		{8438ED07-E053-46FC-8C53-5D8C558075E7}.Debug|Any CPU.Deploy.0 = Debug|Any CPU
		{8438ED07-E053-46FC-8C53-5D8C558075E7}.Debug|ARM.ActiveCfg = Debug|ARM
		{8438ED07-E053-46FC-8C53-5D8C558075E7}.Debug|ARM.Build.0 = Debug|ARM
		{8438ED07-E053-46FC-8C53-5D8C558075E7}.Debug|ARM.Deploy.0 = Debug|ARM
		{8438ED07-E053-46FC-8C53-5D8C558075E7}.Debug|iPhone.ActiveCfg = Debug|Any CPU
		{8438ED07-E053-46FC-8C53-5D8C558075E7}.Debug|iPhoneSimulator.ActiveCfg = Debug|Any CPU
		{8438ED07-E053-46FC-8C53-5D8C558075E7}.Debug|Mixed Platforms.ActiveCfg = Debug|x86
		{8438ED07-E053-46FC-8C53-5D8C558075E7}.Debug|Mixed Platforms.Build.0 = Debug|x86
		{8438ED07-E053-46FC-8C53-5D8C558075E7}.Debug|Mixed Platforms.Deploy.0 = Debug|x86
		{8438ED07-E053-46FC-8C53-5D8C558075E7}.Debug|x64.ActiveCfg = Debug|x64
		{8438ED07-E053-46FC-8C53-5D8C558075E7}.Debug|x64.Build.0 = Debug|x64
		{8438ED07-E053-46FC-8C53-5D8C558075E7}.Debug|x64.Deploy.0 = Debug|x64
		{8438ED07-E053-46FC-8C53-5D8C558075E7}.Debug|x86.ActiveCfg = Debug|x86
		{8438ED07-E053-46FC-8C53-5D8C558075E7}.Debug|x86.Build.0 = Debug|x86
		{8438ED07-E053-46FC-8C53-5D8C558075E7}.Debug|x86.Deploy.0 = Debug|x86
		{8438ED07-E053-46FC-8C53-5D8C558075E7}.Release|Any CPU.ActiveCfg = Release|Any CPU
		{8438ED07-E053-46FC-8C53-5D8C558075E7}.Release|Any CPU.Build.0 = Release|Any CPU
		{8438ED07-E053-46FC-8C53-5D8C558075E7}.Release|Any CPU.Deploy.0 = Release|Any CPU
		{8438ED07-E053-46FC-8C53-5D8C558075E7}.Release|ARM.ActiveCfg = Release|ARM
		{8438ED07-E053-46FC-8C53-5D8C558075E7}.Release|ARM.Build.0 = Release|ARM
		{8438ED07-E053-46FC-8C53-5D8C558075E7}.Release|ARM.Deploy.0 = Release|ARM
		{8438ED07-E053-46FC-8C53-5D8C558075E7}.Release|iPhone.ActiveCfg = Release|Any CPU
		{8438ED07-E053-46FC-8C53-5D8C558075E7}.Release|iPhoneSimulator.ActiveCfg = Release|Any CPU
		{8438ED07-E053-46FC-8C53-5D8C558075E7}.Release|Mixed Platforms.ActiveCfg = Release|x86
		{8438ED07-E053-46FC-8C53-5D8C558075E7}.Release|Mixed Platforms.Build.0 = Release|x86
		{8438ED07-E053-46FC-8C53-5D8C558075E7}.Release|Mixed Platforms.Deploy.0 = Release|x86
		{8438ED07-E053-46FC-8C53-5D8C558075E7}.Release|x64.ActiveCfg = Release|x64
		{8438ED07-E053-46FC-8C53-5D8C558075E7}.Release|x64.Build.0 = Release|x64
		{8438ED07-E053-46FC-8C53-5D8C558075E7}.Release|x64.Deploy.0 = Release|x64
		{8438ED07-E053-46FC-8C53-5D8C558075E7}.Release|x86.ActiveCfg = Release|x86
		{8438ED07-E053-46FC-8C53-5D8C558075E7}.Release|x86.Build.0 = Release|x86
		{8438ED07-E053-46FC-8C53-5D8C558075E7}.Release|x86.Deploy.0 = Release|x86
	EndGlobalSection
	GlobalSection(SolutionProperties) = preSolution
		HideSolutionNode = FALSE
	EndGlobalSection
EndGlobal
